
Microsoft Visual Studio Solution File, Format Version 12.00
# Visual Studio 14
VisualStudioVersion = 14.0.23107.0
MinimumVisualStudioVersion = 10.0.40219.1
Project("{FAE04EC0-301F-11D3-BF4B-00C04F79EFBC}") = "MakeMeVerySmart", "MakeMeVerySmart\MakeMeVerySmart.csproj", "{139174D2-373A-438D-B6F6-0C8D5CE9C8C3}"
EndProject
Project("{FAE04EC0-301F-11D3-BF4B-00C04F79EFBC}") = "Thesaurus", "Thesaurus\Thesaurus.csproj", "{DC31B6F2-2481-46C9-A800-B31D00065D07}"
EndProject
Project("{FAE04EC0-301F-11D3-BF4B-00C04F79EFBC}") = "Thesaurus Tests", "Thesaurus Tests\Thesaurus Tests.csproj", "{76AF2A49-215B-491E-94C9-167C9C5742D7}"
EndProject
Project("{FAE04EC0-301F-11D3-BF4B-00C04F79EFBC}") = "VerySmart UI", "VerySmart UI\VerySmart UI.csproj", "{7F0E9E4F-5704-46CE-BF13-53446E8D1192}"
EndProject
Project("{FAE04EC0-301F-11D3-BF4B-00C04F79EFBC}") = "VerySmart Core", "VerySmart Core\VerySmart Core.csproj", "{1808B63B-7F2D-41C9-A77D-243E5A89C8F0}"
EndProject
Global
	GlobalSection(SolutionConfigurationPlatforms) = preSolution
		Debug|Any CPU = Debug|Any CPU
		Release|Any CPU = Release|Any CPU
	EndGlobalSection
	GlobalSection(ProjectConfigurationPlatforms) = postSolution
		{139174D2-373A-438D-B6F6-0C8D5CE9C8C3}.Debug|Any CPU.ActiveCfg = Debug|Any CPU
		{139174D2-373A-438D-B6F6-0C8D5CE9C8C3}.Debug|Any CPU.Build.0 = Debug|Any CPU
		{139174D2-373A-438D-B6F6-0C8D5CE9C8C3}.Release|Any CPU.ActiveCfg = Release|Any CPU
		{139174D2-373A-438D-B6F6-0C8D5CE9C8C3}.Release|Any CPU.Build.0 = Release|Any CPU
		{DC31B6F2-2481-46C9-A800-B31D00065D07}.Debug|Any CPU.ActiveCfg = Debug|Any CPU
		{DC31B6F2-2481-46C9-A800-B31D00065D07}.Debug|Any CPU.Build.0 = Debug|Any CPU
		{DC31B6F2-2481-46C9-A800-B31D00065D07}.Release|Any CPU.ActiveCfg = Release|Any CPU
		{DC31B6F2-2481-46C9-A800-B31D00065D07}.Release|Any CPU.Build.0 = Release|Any CPU
		{76AF2A49-215B-491E-94C9-167C9C5742D7}.Debug|Any CPU.ActiveCfg = Debug|Any CPU
		{76AF2A49-215B-491E-94C9-167C9C5742D7}.Debug|Any CPU.Build.0 = Debug|Any CPU
		{76AF2A49-215B-491E-94C9-167C9C5742D7}.Release|Any CPU.ActiveCfg = Release|Any CPU
		{76AF2A49-215B-491E-94C9-167C9C5742D7}.Release|Any CPU.Build.0 = Release|Any CPU
		{7F0E9E4F-5704-46CE-BF13-53446E8D1192}.Debug|Any CPU.ActiveCfg = Debug|Any CPU
		{7F0E9E4F-5704-46CE-BF13-53446E8D1192}.Debug|Any CPU.Build.0 = Debug|Any CPU
		{7F0E9E4F-5704-46CE-BF13-53446E8D1192}.Release|Any CPU.ActiveCfg = Release|Any CPU
		{7F0E9E4F-5704-46CE-BF13-53446E8D1192}.Release|Any CPU.Build.0 = Release|Any CPU
		{1808B63B-7F2D-41C9-A77D-243E5A89C8F0}.Debug|Any CPU.ActiveCfg = Debug|Any CPU
		{1808B63B-7F2D-41C9-A77D-243E5A89C8F0}.Debug|Any CPU.Build.0 = Debug|Any CPU
		{1808B63B-7F2D-41C9-A77D-243E5A89C8F0}.Release|Any CPU.ActiveCfg = Release|Any CPU
		{1808B63B-7F2D-41C9-A77D-243E5A89C8F0}.Release|Any CPU.Build.0 = Release|Any CPU
	EndGlobalSection
	GlobalSection(SolutionProperties) = preSolution
		HideSolutionNode = FALSE
	EndGlobalSection
EndGlobal
